// !$*UTF8*$!
{
	archiveVersion = 1;
	classes = {
	};
	objectVersion = 46;
	objects = {

/* Begin PBXBuildFile section */
		DE2C12371E96A4F800B7EB7D /* main.swift in Sources */ = {isa = PBXBuildFile; fileRef = DE2C12361E96A4F800B7EB7D /* main.swift */; };
		DE2C123E1E96A75E00B7EB7D /* RPComment.swift in Sources */ = {isa = PBXBuildFile; fileRef = DE2C123D1E96A75E00B7EB7D /* RPComment.swift */; };
		DE2C12411E96A77F00B7EB7D /* Serialization.swift in Sources */ = {isa = PBXBuildFile; fileRef = DE2C12401E96A77F00B7EB7D /* Serialization.swift */; };
		DE2C12431E96A82300B7EB7D /* RemoteStore.swift in Sources */ = {isa = PBXBuildFile; fileRef = DE2C12421E96A82300B7EB7D /* RemoteStore.swift */; };
		DE2C12451E96A95C00B7EB7D /* RPAnnotation.swift in Sources */ = {isa = PBXBuildFile; fileRef = DE2C12441E96A95C00B7EB7D /* RPAnnotation.swift */; };
		DE2C12471E96AE3900B7EB7D /* BackingStore.swift in Sources */ = {isa = PBXBuildFile; fileRef = DE2C12461E96AE3900B7EB7D /* BackingStore.swift */; };
/* End PBXBuildFile section */

/* Begin PBXCopyFilesBuildPhase section */
		DE2C12311E96A4F800B7EB7D /* CopyFiles */ = {
			isa = PBXCopyFilesBuildPhase;
			buildActionMask = 2147483647;
			dstPath = /usr/share/man/man1/;
			dstSubfolderSpec = 0;
			files = (
			);
			runOnlyForDeploymentPostprocessing = 1;
		};
/* End PBXCopyFilesBuildPhase section */

/* Begin PBXFileReference section */
		DE2C12331E96A4F800B7EB7D /* RobotsAndPencils */ = {isa = PBXFileReference; explicitFileType = "compiled.mach-o.executable"; includeInIndex = 0; path = RobotsAndPencils; sourceTree = BUILT_PRODUCTS_DIR; };
		DE2C12361E96A4F800B7EB7D /* main.swift */ = {isa = PBXFileReference; lastKnownFileType = sourcecode.swift; path = main.swift; sourceTree = "<group>"; };
		DE2C123D1E96A75E00B7EB7D /* RPComment.swift */ = {isa = PBXFileReference; fileEncoding = 4; lastKnownFileType = sourcecode.swift; path = RPComment.swift; sourceTree = "<group>"; };
		DE2C12401E96A77F00B7EB7D /* Serialization.swift */ = {isa = PBXFileReference; fileEncoding = 4; lastKnownFileType = sourcecode.swift; path = Serialization.swift; sourceTree = "<group>"; };
		DE2C12421E96A82300B7EB7D /* RemoteStore.swift */ = {isa = PBXFileReference; fileEncoding = 4; lastKnownFileType = sourcecode.swift; path = RemoteStore.swift; sourceTree = "<group>"; };
		DE2C12441E96A95C00B7EB7D /* RPAnnotation.swift */ = {isa = PBXFileReference; fileEncoding = 4; lastKnownFileType = sourcecode.swift; path = RPAnnotation.swift; sourceTree = "<group>"; };
		DE2C12461E96AE3900B7EB7D /* BackingStore.swift */ = {isa = PBXFileReference; fileEncoding = 4; lastKnownFileType = sourcecode.swift; path = BackingStore.swift; sourceTree = "<group>"; };
/* End PBXFileReference section */

/* Begin PBXFrameworksBuildPhase section */
		DE2C12301E96A4F800B7EB7D /* Frameworks */ = {
			isa = PBXFrameworksBuildPhase;
			buildActionMask = 2147483647;
			files = (
			);
			runOnlyForDeploymentPostprocessing = 0;
		};
/* End PBXFrameworksBuildPhase section */

/* Begin PBXGroup section */
		DE2C122A1E96A4F800B7EB7D = {
			isa = PBXGroup;
			children = (
				DE2C12351E96A4F800B7EB7D /* RobotsAndPencils */,
				DE2C12341E96A4F800B7EB7D /* Products */,
			);
			sourceTree = "<group>";
		};
		DE2C12341E96A4F800B7EB7D /* Products */ = {
			isa = PBXGroup;
			children = (
				DE2C12331E96A4F800B7EB7D /* RobotsAndPencils */,
			);
			name = Products;
			sourceTree = "<group>";
		};
		DE2C12351E96A4F800B7EB7D /* RobotsAndPencils */ = {
			isa = PBXGroup;
			children = (
				DE2C123F1E96A77600B7EB7D /* Serialization */,
				DE2C12361E96A4F800B7EB7D /* main.swift */,
				DE2C123D1E96A75E00B7EB7D /* RPComment.swift */,
				DE2C12441E96A95C00B7EB7D /* RPAnnotation.swift */,
			);
			path = RobotsAndPencils;
			sourceTree = "<group>";
		};
		DE2C123F1E96A77600B7EB7D /* Serialization */ = {
			isa = PBXGroup;
			children = (
				DE2C12401E96A77F00B7EB7D /* Serialization.swift */,
				DE2C12421E96A82300B7EB7D /* RemoteStore.swift */,
				DE2C12461E96AE3900B7EB7D /* BackingStore.swift */,
			);
			name = Serialization;
			sourceTree = "<group>";
		};
/* End PBXGroup section */

/* Begin PBXNativeTarget section */
		DE2C12321E96A4F800B7EB7D /* RobotsAndPencils */ = {
			isa = PBXNativeTarget;
			buildConfigurationList = DE2C123A1E96A4F800B7EB7D /* Build configuration list for PBXNativeTarget "RobotsAndPencils" */;
			buildPhases = (
				DE2C122F1E96A4F800B7EB7D /* Sources */,
				DE2C12301E96A4F800B7EB7D /* Frameworks */,
				DE2C12311E96A4F800B7EB7D /* CopyFiles */,
			);
			buildRules = (
			);
			dependencies = (
			);
			name = RobotsAndPencils;
			productName = RobotsAndPencils;
			productReference = DE2C12331E96A4F800B7EB7D /* RobotsAndPencils */;
			productType = "com.apple.product-type.tool";
		};
/* End PBXNativeTarget section */

/* Begin PBXProject section */
		DE2C122B1E96A4F800B7EB7D /* Project object */ = {
			isa = PBXProject;
			attributes = {
				LastSwiftUpdateCheck = 0830;
				LastUpgradeCheck = 0830;
				ORGANIZATIONNAME = "Wellington Moreno";
				TargetAttributes = {
					DE2C12321E96A4F800B7EB7D = {
						CreatedOnToolsVersion = 8.3;
						ProvisioningStyle = Automatic;
					};
				};
			};
			buildConfigurationList = DE2C122E1E96A4F800B7EB7D /* Build configuration list for PBXProject "RobotsAndPencils" */;
			compatibilityVersion = "Xcode 3.2";
			developmentRegion = English;
			hasScannedForEncodings = 0;
			knownRegions = (
				en,
			);
			mainGroup = DE2C122A1E96A4F800B7EB7D;
			productRefGroup = DE2C12341E96A4F800B7EB7D /* Products */;
			projectDirPath = "";
			projectRoot = "";
			targets = (
				DE2C12321E96A4F800B7EB7D /* RobotsAndPencils */,
			);
		};
/* End PBXProject section */

/* Begin PBXSourcesBuildPhase section */
		DE2C122F1E96A4F800B7EB7D /* Sources */ = {
			isa = PBXSourcesBuildPhase;
			buildActionMask = 2147483647;
			files = (
				DE2C12371E96A4F800B7EB7D /* main.swift in Sources */,
				DE2C12431E96A82300B7EB7D /* RemoteStore.swift in Sources */,
				DE2C12411E96A77F00B7EB7D /* Serialization.swift in Sources */,
				DE2C12451E96A95C00B7EB7D /* RPAnnotation.swift in Sources */,
				DE2C123E1E96A75E00B7EB7D /* RPComment.swift in Sources */,
				DE2C12471E96AE3900B7EB7D /* BackingStore.swift in Sources */,
			);
			runOnlyForDeploymentPostprocessing = 0;
		};
/* End PBXSourcesBuildPhase section */

/* Begin XCBuildConfiguration section */
		DE2C12381E96A4F800B7EB7D /* Debug */ = {
			isa = XCBuildConfiguration;
			buildSettings = {
				ALWAYS_SEARCH_USER_PATHS = NO;
				CLANG_ANALYZER_NONNULL = YES;
				CLANG_ANALYZER_NUMBER_OBJECT_CONVERSION = YES_AGGRESSIVE;
				CLANG_CXX_LANGUAGE_STANDARD = "gnu++0x";
				CLANG_CXX_LIBRARY = "libc++";
				CLANG_ENABLE_MODULES = YES;
				CLANG_ENABLE_OBJC_ARC = YES;
				CLANG_WARN_BOOL_CONVERSION = YES;
				CLANG_WARN_CONSTANT_CONVERSION = YES;
				CLANG_WARN_DIRECT_OBJC_ISA_USAGE = YES_ERROR;
				CLANG_WARN_DOCUMENTATION_COMMENTS = YES;
				CLANG_WARN_EMPTY_BODY = YES;
				CLANG_WARN_ENUM_CONVERSION = YES;
				CLANG_WARN_INFINITE_RECURSION = YES;
				CLANG_WARN_INT_CONVERSION = YES;
				CLANG_WARN_OBJC_ROOT_CLASS = YES_ERROR;
				CLANG_WARN_SUSPICIOUS_MOVE = YES;
				CLANG_WARN_UNREACHABLE_CODE = YES;
				CLANG_WARN__DUPLICATE_METHOD_MATCH = YES;
				CODE_SIGN_IDENTITY = "-";
				COPY_PHASE_STRIP = NO;
				DEBUG_INFORMATION_FORMAT = dwarf;
				ENABLE_STRICT_OBJC_MSGSEND = YES;
				ENABLE_TESTABILITY = YES;
				GCC_C_LANGUAGE_STANDARD = gnu99;
				GCC_DYNAMIC_NO_PIC = NO;
				GCC_NO_COMMON_BLOCKS = YES;
				GCC_OPTIMIZATION_LEVEL = 0;
				GCC_PREPROCESSOR_DEFINITIONS = (
					"DEBUG=1",
					"$(inherited)",
				);
				GCC_WARN_64_TO_32_BIT_CONVERSION = YES;
				GCC_WARN_ABOUT_RETURN_TYPE = YES_ERROR;
				GCC_WARN_UNDECLARED_SELECTOR = YES;
				GCC_WARN_UNINITIALIZED_AUTOS = YES_AGGRESSIVE;
				GCC_WARN_UNUSED_FUNCTION = YES;
				GCC_WARN_UNUSED_VARIABLE = YES;
				MACOSX_DEPLOYMENT_TARGET = 10.12;
				MTL_ENABLE_DEBUG_INFO = YES;
				ONLY_ACTIVE_ARCH = YES;
				SDKROOT = macosx;
				SWIFT_OPTIMIZATION_LEVEL = "-Onone";
			};
			name = Debug;
		};
		DE2C12391E96A4F800B7EB7D /* Release */ = {
			isa = XCBuildConfiguration;
			buildSettings = {
				ALWAYS_SEARCH_USER_PATHS = NO;
				CLANG_ANALYZER_NONNULL = YES;
				CLANG_ANALYZER_NUMBER_OBJECT_CONVERSION = YES_AGGRESSIVE;
				CLANG_CXX_LANGUAGE_STANDARD = "gnu++0x";
				CLANG_CXX_LIBRARY = "libc++";
				CLANG_ENABLE_MODULES = YES;
				CLANG_ENABLE_OBJC_ARC = YES;
				CLANG_WARN_BOOL_CONVERSION = YES;
				CLANG_WARN_CONSTANT_CONVERSION = YES;
				CLANG_WARN_DIRECT_OBJC_ISA_USAGE = YES_ERROR;
				CLANG_WARN_DOCUMENTATION_COMMENTS = YES;
				CLANG_WARN_EMPTY_BODY = YES;
				CLANG_WARN_ENUM_CONVERSION = YES;
				CLANG_WARN_INFINITE_RECURSION = YES;
				CLANG_WARN_INT_CONVERSION = YES;
				CLANG_WARN_OBJC_ROOT_CLASS = YES_ERROR;
				CLANG_WARN_SUSPICIOUS_MOVE = YES;
				CLANG_WARN_UNREACHABLE_CODE = YES;
				CLANG_WARN__DUPLICATE_METHOD_MATCH = YES;
				CODE_SIGN_IDENTITY = "-";
				COPY_PHASE_STRIP = NO;
				DEBUG_INFORMATION_FORMAT = "dwarf-with-dsym";
				ENABLE_NS_ASSERTIONS = NO;
				ENABLE_STRICT_OBJC_MSGSEND = YES;
				GCC_C_LANGUAGE_STANDARD = gnu99;
				GCC_NO_COMMON_BLOCKS = YES;
				GCC_WARN_64_TO_32_BIT_CONVERSION = YES;
				GCC_WARN_ABOUT_RETURN_TYPE = YES_ERROR;
				GCC_WARN_UNDECLARED_SELECTOR = YES;
				GCC_WARN_UNINITIALIZED_AUTOS = YES_AGGRESSIVE;
				GCC_WARN_UNUSED_FUNCTION = YES;
				GCC_WARN_UNUSED_VARIABLE = YES;
				MACOSX_DEPLOYMENT_TARGET = 10.12;
				MTL_ENABLE_DEBUG_INFO = NO;
				SDKROOT = macosx;
			};
			name = Release;
		};
		DE2C123B1E96A4F800B7EB7D /* Debug */ = {
			isa = XCBuildConfiguration;
			buildSettings = {
				PRODUCT_NAME = "$(TARGET_NAME)";
				SWIFT_VERSION = 3.0;
			};
			name = Debug;
		};
		DE2C123C1E96A4F800B7EB7D /* Release */ = {
			isa = XCBuildConfiguration;
			buildSettings = {
				PRODUCT_NAME = "$(TARGET_NAME)";
				SWIFT_VERSION = 3.0;
			};
			name = Release;
		};
/* End XCBuildConfiguration section */

/* Begin XCConfigurationList section */
		DE2C122E1E96A4F800B7EB7D /* Build configuration list for PBXProject "RobotsAndPencils" */ = {
			isa = XCConfigurationList;
			buildConfigurations = (
				DE2C12381E96A4F800B7EB7D /* Debug */,
				DE2C12391E96A4F800B7EB7D /* Release */,
			);
			defaultConfigurationIsVisible = 0;
			defaultConfigurationName = Release;
		};
		DE2C123A1E96A4F800B7EB7D /* Build configuration list for PBXNativeTarget "RobotsAndPencils" */ = {
			isa = XCConfigurationList;
			buildConfigurations = (
				DE2C123B1E96A4F800B7EB7D /* Debug */,
				DE2C123C1E96A4F800B7EB7D /* Release */,
			);
			defaultConfigurationIsVisible = 0;
		};
/* End XCConfigurationList section */
	};
	rootObject = DE2C122B1E96A4F800B7EB7D /* Project object */;
}
